// !$*UTF8*$!
{
	archiveVersion = 1;
	classes = {
	};
	objectVersion = 55;
	objects = {

/* Begin PBXBuildFile section */
		FA43342627F071D200D671D5 /* ITunesViewModel.swift in Sources */ = {isa = PBXBuildFile; fileRef = FA43342527F071D200D671D5 /* ITunesViewModel.swift */; };
		FA43342A27F0730100D671D5 /* ITunesView.swift in Sources */ = {isa = PBXBuildFile; fileRef = FA43342927F0730100D671D5 /* ITunesView.swift */; };
		FA43342D27F0736500D671D5 /* StackOverflowViewModel.swift in Sources */ = {isa = PBXBuildFile; fileRef = FA43342C27F0736500D671D5 /* StackOverflowViewModel.swift */; };
		FA43342F27F0737C00D671D5 /* StackOverflowView.swift in Sources */ = {isa = PBXBuildFile; fileRef = FA43342E27F0737C00D671D5 /* StackOverflowView.swift */; };
		FA43343227F087F900D671D5 /* SOResponse.swift in Sources */ = {isa = PBXBuildFile; fileRef = FA43343127F087F900D671D5 /* SOResponse.swift */; };
		FA43343427F08B7000D671D5 /* String+Extension.swift in Sources */ = {isa = PBXBuildFile; fileRef = FA43343327F08B7000D671D5 /* String+Extension.swift */; };
		FA43343627F092F900D671D5 /* SOQuestionCell.swift in Sources */ = {isa = PBXBuildFile; fileRef = FA43343527F092F900D671D5 /* SOQuestionCell.swift */; };
		FA43343827F0969E00D671D5 /* ITunesSongCell.swift in Sources */ = {isa = PBXBuildFile; fileRef = FA43343727F0969E00D671D5 /* ITunesSongCell.swift */; };
		FA7599EB27DFC58D00FAE013 /* otus2_paging_testappApp.swift in Sources */ = {isa = PBXBuildFile; fileRef = FA7599EA27DFC58D00FAE013 /* otus2_paging_testappApp.swift */; };
		FA7599ED27DFC58D00FAE013 /* ContentView.swift in Sources */ = {isa = PBXBuildFile; fileRef = FA7599EC27DFC58D00FAE013 /* ContentView.swift */; };
		FA7599EF27DFC58D00FAE013 /* Assets.xcassets in Resources */ = {isa = PBXBuildFile; fileRef = FA7599EE27DFC58D00FAE013 /* Assets.xcassets */; };
		FA7599F227DFC58D00FAE013 /* Preview Assets.xcassets in Resources */ = {isa = PBXBuildFile; fileRef = FA7599F127DFC58D00FAE013 /* Preview Assets.xcassets */; };
		FA94643727EF703C00AFB5E1 /* ITunesResponse.swift in Sources */ = {isa = PBXBuildFile; fileRef = FA94643627EF703C00AFB5E1 /* ITunesResponse.swift */; };
		FA94643927EF706B00AFB5E1 /* NetworkManager.swift in Sources */ = {isa = PBXBuildFile; fileRef = FA94643827EF706B00AFB5E1 /* NetworkManager.swift */; };
		FA94643B27EF7F3600AFB5E1 /* ContentViewModel.swift in Sources */ = {isa = PBXBuildFile; fileRef = FA94643A27EF7F3600AFB5E1 /* ContentViewModel.swift */; };
		FA94643D27EFA7B500AFB5E1 /* LoadContentView.swift in Sources */ = {isa = PBXBuildFile; fileRef = FA94643C27EFA7B500AFB5E1 /* LoadContentView.swift */; };
		FA99ED4227F85344000E2426 /* Screen.swift in Sources */ = {isa = PBXBuildFile; fileRef = FA99ED4127F85344000E2426 /* Screen.swift */; };
		FA99ED4427F853A1000E2426 /* NavigationStack.swift in Sources */ = {isa = PBXBuildFile; fileRef = FA99ED4327F853A1000E2426 /* NavigationStack.swift */; };
		FA99ED4627F85684000E2426 /* Transition.swift in Sources */ = {isa = PBXBuildFile; fileRef = FA99ED4527F85684000E2426 /* Transition.swift */; };
		FA99ED4827F856CF000E2426 /* SwiftUIView+Extension.swift in Sources */ = {isa = PBXBuildFile; fileRef = FA99ED4727F856CF000E2426 /* SwiftUIView+Extension.swift */; };
		FA99ED4A27F85707000E2426 /* LazyView.swift in Sources */ = {isa = PBXBuildFile; fileRef = FA99ED4927F85707000E2426 /* LazyView.swift */; };
		FA99ED4C27F85770000E2426 /* NavigationContainerViewModel.swift in Sources */ = {isa = PBXBuildFile; fileRef = FA99ED4B27F85770000E2426 /* NavigationContainerViewModel.swift */; };
		FA99ED4E27F85FC4000E2426 /* NavigationContainerView.swift in Sources */ = {isa = PBXBuildFile; fileRef = FA99ED4D27F85FC4000E2426 /* NavigationContainerView.swift */; };
		FA99ED5027F865F7000E2426 /* DetailsView.swift in Sources */ = {isa = PBXBuildFile; fileRef = FA99ED4F27F865F7000E2426 /* DetailsView.swift */; };
		FA99ED5227F8996A000E2426 /* SomeView.swift in Sources */ = {isa = PBXBuildFile; fileRef = FA99ED5127F8996A000E2426 /* SomeView.swift */; };
/* End PBXBuildFile section */

/* Begin PBXFileReference section */
		FA43342527F071D200D671D5 /* ITunesViewModel.swift */ = {isa = PBXFileReference; lastKnownFileType = sourcecode.swift; path = ITunesViewModel.swift; sourceTree = "<group>"; };
		FA43342927F0730100D671D5 /* ITunesView.swift */ = {isa = PBXFileReference; lastKnownFileType = sourcecode.swift; path = ITunesView.swift; sourceTree = "<group>"; };
		FA43342C27F0736500D671D5 /* StackOverflowViewModel.swift */ = {isa = PBXFileReference; lastKnownFileType = sourcecode.swift; path = StackOverflowViewModel.swift; sourceTree = "<group>"; };
		FA43342E27F0737C00D671D5 /* StackOverflowView.swift */ = {isa = PBXFileReference; lastKnownFileType = sourcecode.swift; path = StackOverflowView.swift; sourceTree = "<group>"; };
		FA43343127F087F900D671D5 /* SOResponse.swift */ = {isa = PBXFileReference; lastKnownFileType = sourcecode.swift; path = SOResponse.swift; sourceTree = "<group>"; };
		FA43343327F08B7000D671D5 /* String+Extension.swift */ = {isa = PBXFileReference; lastKnownFileType = sourcecode.swift; path = "String+Extension.swift"; sourceTree = "<group>"; };
		FA43343527F092F900D671D5 /* SOQuestionCell.swift */ = {isa = PBXFileReference; lastKnownFileType = sourcecode.swift; path = SOQuestionCell.swift; sourceTree = "<group>"; };
		FA43343727F0969E00D671D5 /* ITunesSongCell.swift */ = {isa = PBXFileReference; lastKnownFileType = sourcecode.swift; path = ITunesSongCell.swift; sourceTree = "<group>"; };
		FA7599E727DFC58D00FAE013 /* otus2.paging.testapp.app */ = {isa = PBXFileReference; explicitFileType = wrapper.application; includeInIndex = 0; path = otus2.paging.testapp.app; sourceTree = BUILT_PRODUCTS_DIR; };
		FA7599EA27DFC58D00FAE013 /* otus2_paging_testappApp.swift */ = {isa = PBXFileReference; lastKnownFileType = sourcecode.swift; path = otus2_paging_testappApp.swift; sourceTree = "<group>"; };
		FA7599EC27DFC58D00FAE013 /* ContentView.swift */ = {isa = PBXFileReference; lastKnownFileType = sourcecode.swift; path = ContentView.swift; sourceTree = "<group>"; };
		FA7599EE27DFC58D00FAE013 /* Assets.xcassets */ = {isa = PBXFileReference; lastKnownFileType = folder.assetcatalog; path = Assets.xcassets; sourceTree = "<group>"; };
		FA7599F127DFC58D00FAE013 /* Preview Assets.xcassets */ = {isa = PBXFileReference; lastKnownFileType = folder.assetcatalog; path = "Preview Assets.xcassets"; sourceTree = "<group>"; };
		FA94643627EF703C00AFB5E1 /* ITunesResponse.swift */ = {isa = PBXFileReference; lastKnownFileType = sourcecode.swift; path = ITunesResponse.swift; sourceTree = "<group>"; };
		FA94643827EF706B00AFB5E1 /* NetworkManager.swift */ = {isa = PBXFileReference; lastKnownFileType = sourcecode.swift; path = NetworkManager.swift; sourceTree = "<group>"; };
		FA94643A27EF7F3600AFB5E1 /* ContentViewModel.swift */ = {isa = PBXFileReference; lastKnownFileType = sourcecode.swift; path = ContentViewModel.swift; sourceTree = "<group>"; };
		FA94643C27EFA7B500AFB5E1 /* LoadContentView.swift */ = {isa = PBXFileReference; lastKnownFileType = sourcecode.swift; path = LoadContentView.swift; sourceTree = "<group>"; };
		FA99ED4127F85344000E2426 /* Screen.swift */ = {isa = PBXFileReference; lastKnownFileType = sourcecode.swift; path = Screen.swift; sourceTree = "<group>"; };
		FA99ED4327F853A1000E2426 /* NavigationStack.swift */ = {isa = PBXFileReference; lastKnownFileType = sourcecode.swift; path = NavigationStack.swift; sourceTree = "<group>"; };
		FA99ED4527F85684000E2426 /* Transition.swift */ = {isa = PBXFileReference; lastKnownFileType = sourcecode.swift; path = Transition.swift; sourceTree = "<group>"; };
		FA99ED4727F856CF000E2426 /* SwiftUIView+Extension.swift */ = {isa = PBXFileReference; lastKnownFileType = sourcecode.swift; path = "SwiftUIView+Extension.swift"; sourceTree = "<group>"; };
		FA99ED4927F85707000E2426 /* LazyView.swift */ = {isa = PBXFileReference; lastKnownFileType = sourcecode.swift; path = LazyView.swift; sourceTree = "<group>"; };
		FA99ED4B27F85770000E2426 /* NavigationContainerViewModel.swift */ = {isa = PBXFileReference; lastKnownFileType = sourcecode.swift; path = NavigationContainerViewModel.swift; sourceTree = "<group>"; };
		FA99ED4D27F85FC4000E2426 /* NavigationContainerView.swift */ = {isa = PBXFileReference; lastKnownFileType = sourcecode.swift; path = NavigationContainerView.swift; sourceTree = "<group>"; };
		FA99ED4F27F865F7000E2426 /* DetailsView.swift */ = {isa = PBXFileReference; lastKnownFileType = sourcecode.swift; path = DetailsView.swift; sourceTree = "<group>"; };
		FA99ED5127F8996A000E2426 /* SomeView.swift */ = {isa = PBXFileReference; lastKnownFileType = sourcecode.swift; path = SomeView.swift; sourceTree = "<group>"; };
/* End PBXFileReference section */

/* Begin PBXFrameworksBuildPhase section */
		FA7599E427DFC58D00FAE013 /* Frameworks */ = {
			isa = PBXFrameworksBuildPhase;
			buildActionMask = 2147483647;
			files = (
			);
			runOnlyForDeploymentPostprocessing = 0;
		};
/* End PBXFrameworksBuildPhase section */

/* Begin PBXGroup section */
		FA43342727F072D800D671D5 /* Page */ = {
			isa = PBXGroup;
			children = (
				FA7599EC27DFC58D00FAE013 /* ContentView.swift */,
				FA94643A27EF7F3600AFB5E1 /* ContentViewModel.swift */,
				FA99ED4F27F865F7000E2426 /* DetailsView.swift */,
				FA99ED5127F8996A000E2426 /* SomeView.swift */,
				FA43342B27F0735000D671D5 /* StackOverflow */,
				FA43342827F072EF00D671D5 /* ITunes */,
			);
			path = Page;
			sourceTree = "<group>";
		};
		FA43342827F072EF00D671D5 /* ITunes */ = {
			isa = PBXGroup;
			children = (
				FA43342527F071D200D671D5 /* ITunesViewModel.swift */,
				FA43342927F0730100D671D5 /* ITunesView.swift */,
				FA43343727F0969E00D671D5 /* ITunesSongCell.swift */,
			);
			path = ITunes;
			sourceTree = "<group>";
		};
		FA43342B27F0735000D671D5 /* StackOverflow */ = {
			isa = PBXGroup;
			children = (
				FA43342C27F0736500D671D5 /* StackOverflowViewModel.swift */,
				FA43342E27F0737C00D671D5 /* StackOverflowView.swift */,
				FA43343527F092F900D671D5 /* SOQuestionCell.swift */,
			);
			path = StackOverflow;
			sourceTree = "<group>";
		};
		FA43343027F087E400D671D5 /* Response */ = {
			isa = PBXGroup;
			children = (
				FA94643627EF703C00AFB5E1 /* ITunesResponse.swift */,
				FA43343127F087F900D671D5 /* SOResponse.swift */,
			);
			path = Response;
			sourceTree = "<group>";
		};
		FA7599DE27DFC58C00FAE013 = {
			isa = PBXGroup;
			children = (
				FA7599E927DFC58D00FAE013 /* otus2.paging.testapp */,
				FA7599E827DFC58D00FAE013 /* Products */,
			);
			sourceTree = "<group>";
		};
		FA7599E827DFC58D00FAE013 /* Products */ = {
			isa = PBXGroup;
			children = (
				FA7599E727DFC58D00FAE013 /* otus2.paging.testapp.app */,
			);
			name = Products;
			sourceTree = "<group>";
		};
		FA7599E927DFC58D00FAE013 /* otus2.paging.testapp */ = {
			isa = PBXGroup;
			children = (
				FA7599EA27DFC58D00FAE013 /* otus2_paging_testappApp.swift */,
				FA43342727F072D800D671D5 /* Page */,
				FA94643E27EFAEC200AFB5E1 /* Common */,
				FA94643527EF702700AFB5E1 /* Manager */,
				FA7599EE27DFC58D00FAE013 /* Assets.xcassets */,
				FA7599F027DFC58D00FAE013 /* Preview Content */,
			);
			path = otus2.paging.testapp;
			sourceTree = "<group>";
		};
		FA7599F027DFC58D00FAE013 /* Preview Content */ = {
			isa = PBXGroup;
			children = (
				FA7599F127DFC58D00FAE013 /* Preview Assets.xcassets */,
			);
			path = "Preview Content";
			sourceTree = "<group>";
		};
		FA94643527EF702700AFB5E1 /* Manager */ = {
			isa = PBXGroup;
			children = (
				FA43343027F087E400D671D5 /* Response */,
				FA94643827EF706B00AFB5E1 /* NetworkManager.swift */,
			);
			path = Manager;
			sourceTree = "<group>";
		};
		FA94643E27EFAEC200AFB5E1 /* Common */ = {
			isa = PBXGroup;
			children = (
				FA99ED4027F8532D000E2426 /* NavigationStack */,
				FA94643F27EFAEC700AFB5E1 /* View */,
				FA43343327F08B7000D671D5 /* String+Extension.swift */,
			);
			path = Common;
			sourceTree = "<group>";
		};
		FA94643F27EFAEC700AFB5E1 /* View */ = {
			isa = PBXGroup;
			children = (
				FA94643C27EFA7B500AFB5E1 /* LoadContentView.swift */,
			);
			path = View;
			sourceTree = "<group>";
		};
		FA99ED4027F8532D000E2426 /* NavigationStack */ = {
			isa = PBXGroup;
			children = (
				FA99ED4127F85344000E2426 /* Screen.swift */,
				FA99ED4327F853A1000E2426 /* NavigationStack.swift */,
				FA99ED4527F85684000E2426 /* Transition.swift */,
				FA99ED4727F856CF000E2426 /* SwiftUIView+Extension.swift */,
				FA99ED4927F85707000E2426 /* LazyView.swift */,
				FA99ED4B27F85770000E2426 /* NavigationContainerViewModel.swift */,
				FA99ED4D27F85FC4000E2426 /* NavigationContainerView.swift */,
			);
			path = NavigationStack;
			sourceTree = "<group>";
		};
/* End PBXGroup section */

/* Begin PBXNativeTarget section */
		FA7599E627DFC58D00FAE013 /* otus2.paging.testapp */ = {
			isa = PBXNativeTarget;
			buildConfigurationList = FA7599F527DFC58D00FAE013 /* Build configuration list for PBXNativeTarget "otus2.paging.testapp" */;
			buildPhases = (
				FA7599E327DFC58D00FAE013 /* Sources */,
				FA7599E427DFC58D00FAE013 /* Frameworks */,
				FA7599E527DFC58D00FAE013 /* Resources */,
			);
			buildRules = (
			);
			dependencies = (
			);
			name = otus2.paging.testapp;
			productName = otus2.paging.testapp;
			productReference = FA7599E727DFC58D00FAE013 /* otus2.paging.testapp.app */;
			productType = "com.apple.product-type.application";
		};
/* End PBXNativeTarget section */

/* Begin PBXProject section */
		FA7599DF27DFC58C00FAE013 /* Project object */ = {
			isa = PBXProject;
			attributes = {
				BuildIndependentTargetsInParallel = 1;
				LastSwiftUpdateCheck = 1320;
				LastUpgradeCheck = 1320;
				TargetAttributes = {
					FA7599E627DFC58D00FAE013 = {
						CreatedOnToolsVersion = 13.2.1;
					};
				};
			};
			buildConfigurationList = FA7599E227DFC58C00FAE013 /* Build configuration list for PBXProject "otus2.paging.testapp" */;
			compatibilityVersion = "Xcode 13.0";
			developmentRegion = en;
			hasScannedForEncodings = 0;
			knownRegions = (
				en,
				Base,
			);
			mainGroup = FA7599DE27DFC58C00FAE013;
			productRefGroup = FA7599E827DFC58D00FAE013 /* Products */;
			projectDirPath = "";
			projectRoot = "";
			targets = (
				FA7599E627DFC58D00FAE013 /* otus2.paging.testapp */,
			);
		};
/* End PBXProject section */

/* Begin PBXResourcesBuildPhase section */
		FA7599E527DFC58D00FAE013 /* Resources */ = {
			isa = PBXResourcesBuildPhase;
			buildActionMask = 2147483647;
			files = (
				FA7599F227DFC58D00FAE013 /* Preview Assets.xcassets in Resources */,
				FA7599EF27DFC58D00FAE013 /* Assets.xcassets in Resources */,
			);
			runOnlyForDeploymentPostprocessing = 0;
		};
/* End PBXResourcesBuildPhase section */

/* Begin PBXSourcesBuildPhase section */
		FA7599E327DFC58D00FAE013 /* Sources */ = {
			isa = PBXSourcesBuildPhase;
			buildActionMask = 2147483647;
			files = (
				FA99ED4C27F85770000E2426 /* NavigationContainerViewModel.swift in Sources */,
				FA99ED4E27F85FC4000E2426 /* NavigationContainerView.swift in Sources */,
				FA99ED4A27F85707000E2426 /* LazyView.swift in Sources */,
				FA99ED4827F856CF000E2426 /* SwiftUIView+Extension.swift in Sources */,
				FA94643D27EFA7B500AFB5E1 /* LoadContentView.swift in Sources */,
				FA94643927EF706B00AFB5E1 /* NetworkManager.swift in Sources */,
				FA7599ED27DFC58D00FAE013 /* ContentView.swift in Sources */,
				FA43342F27F0737C00D671D5 /* StackOverflowView.swift in Sources */,
				FA99ED4627F85684000E2426 /* Transition.swift in Sources */,
				FA43343427F08B7000D671D5 /* String+Extension.swift in Sources */,
				FA99ED4227F85344000E2426 /* Screen.swift in Sources */,
				FA99ED5227F8996A000E2426 /* SomeView.swift in Sources */,
				FA99ED4427F853A1000E2426 /* NavigationStack.swift in Sources */,
				FA94643727EF703C00AFB5E1 /* ITunesResponse.swift in Sources */,
				FA7599EB27DFC58D00FAE013 /* otus2_paging_testappApp.swift in Sources */,
				FA43343627F092F900D671D5 /* SOQuestionCell.swift in Sources */,
				FA43343827F0969E00D671D5 /* ITunesSongCell.swift in Sources */,
				FA43342627F071D200D671D5 /* ITunesViewModel.swift in Sources */,
				FA43342A27F0730100D671D5 /* ITunesView.swift in Sources */,
				FA43343227F087F900D671D5 /* SOResponse.swift in Sources */,
				FA94643B27EF7F3600AFB5E1 /* ContentViewModel.swift in Sources */,
				FA99ED5027F865F7000E2426 /* DetailsView.swift in Sources */,
				FA43342D27F0736500D671D5 /* StackOverflowViewModel.swift in Sources */,
			);
			runOnlyForDeploymentPostprocessing = 0;
		};
/* End PBXSourcesBuildPhase section */

/* Begin XCBuildConfiguration section */
		FA7599F327DFC58D00FAE013 /* Debug */ = {
			isa = XCBuildConfiguration;
			buildSettings = {
				ALWAYS_SEARCH_USER_PATHS = NO;
				CLANG_ANALYZER_NONNULL = YES;
				CLANG_ANALYZER_NUMBER_OBJECT_CONVERSION = YES_AGGRESSIVE;
				CLANG_CXX_LANGUAGE_STANDARD = "gnu++17";
				CLANG_CXX_LIBRARY = "libc++";
				CLANG_ENABLE_MODULES = YES;
				CLANG_ENABLE_OBJC_ARC = YES;
				CLANG_ENABLE_OBJC_WEAK = YES;
				CLANG_WARN_BLOCK_CAPTURE_AUTORELEASING = YES;
				CLANG_WARN_BOOL_CONVERSION = YES;
				CLANG_WARN_COMMA = YES;
				CLANG_WARN_CONSTANT_CONVERSION = YES;
				CLANG_WARN_DEPRECATED_OBJC_IMPLEMENTATIONS = YES;
				CLANG_WARN_DIRECT_OBJC_ISA_USAGE = YES_ERROR;
				CLANG_WARN_DOCUMENTATION_COMMENTS = YES;
				CLANG_WARN_EMPTY_BODY = YES;
				CLANG_WARN_ENUM_CONVERSION = YES;
				CLANG_WARN_INFINITE_RECURSION = YES;
				CLANG_WARN_INT_CONVERSION = YES;
				CLANG_WARN_NON_LITERAL_NULL_CONVERSION = YES;
				CLANG_WARN_OBJC_IMPLICIT_RETAIN_SELF = YES;
				CLANG_WARN_OBJC_LITERAL_CONVERSION = YES;
				CLANG_WARN_OBJC_ROOT_CLASS = YES_ERROR;
				CLANG_WARN_QUOTED_INCLUDE_IN_FRAMEWORK_HEADER = YES;
				CLANG_WARN_RANGE_LOOP_ANALYSIS = YES;
				CLANG_WARN_STRICT_PROTOTYPES = YES;
				CLANG_WARN_SUSPICIOUS_MOVE = YES;
				CLANG_WARN_UNGUARDED_AVAILABILITY = YES_AGGRESSIVE;
				CLANG_WARN_UNREACHABLE_CODE = YES;
				CLANG_WARN__DUPLICATE_METHOD_MATCH = YES;
				COPY_PHASE_STRIP = NO;
				DEBUG_INFORMATION_FORMAT = dwarf;
				ENABLE_STRICT_OBJC_MSGSEND = YES;
				ENABLE_TESTABILITY = YES;
				GCC_C_LANGUAGE_STANDARD = gnu11;
				GCC_DYNAMIC_NO_PIC = NO;
				GCC_NO_COMMON_BLOCKS = YES;
				GCC_OPTIMIZATION_LEVEL = 0;
				GCC_PREPROCESSOR_DEFINITIONS = (
					"DEBUG=1",
					"$(inherited)",
				);
				GCC_WARN_64_TO_32_BIT_CONVERSION = YES;
				GCC_WARN_ABOUT_RETURN_TYPE = YES_ERROR;
				GCC_WARN_UNDECLARED_SELECTOR = YES;
				GCC_WARN_UNINITIALIZED_AUTOS = YES_AGGRESSIVE;
				GCC_WARN_UNUSED_FUNCTION = YES;
				GCC_WARN_UNUSED_VARIABLE = YES;
				IPHONEOS_DEPLOYMENT_TARGET = 15.2;
				MTL_ENABLE_DEBUG_INFO = INCLUDE_SOURCE;
				MTL_FAST_MATH = YES;
				ONLY_ACTIVE_ARCH = YES;
				SDKROOT = iphoneos;
				SWIFT_ACTIVE_COMPILATION_CONDITIONS = DEBUG;
				SWIFT_OPTIMIZATION_LEVEL = "-Onone";
			};
			name = Debug;
		};
		FA7599F427DFC58D00FAE013 /* Release */ = {
			isa = XCBuildConfiguration;
			buildSettings = {
				ALWAYS_SEARCH_USER_PATHS = NO;
				CLANG_ANALYZER_NONNULL = YES;
				CLANG_ANALYZER_NUMBER_OBJECT_CONVERSION = YES_AGGRESSIVE;
				CLANG_CXX_LANGUAGE_STANDARD = "gnu++17";
				CLANG_CXX_LIBRARY = "libc++";
				CLANG_ENABLE_MODULES = YES;
				CLANG_ENABLE_OBJC_ARC = YES;
				CLANG_ENABLE_OBJC_WEAK = YES;
				CLANG_WARN_BLOCK_CAPTURE_AUTORELEASING = YES;
				CLANG_WARN_BOOL_CONVERSION = YES;
				CLANG_WARN_COMMA = YES;
				CLANG_WARN_CONSTANT_CONVERSION = YES;
				CLANG_WARN_DEPRECATED_OBJC_IMPLEMENTATIONS = YES;
				CLANG_WARN_DIRECT_OBJC_ISA_USAGE = YES_ERROR;
				CLANG_WARN_DOCUMENTATION_COMMENTS = YES;
				CLANG_WARN_EMPTY_BODY = YES;
				CLANG_WARN_ENUM_CONVERSION = YES;
				CLANG_WARN_INFINITE_RECURSION = YES;
				CLANG_WARN_INT_CONVERSION = YES;
				CLANG_WARN_NON_LITERAL_NULL_CONVERSION = YES;
				CLANG_WARN_OBJC_IMPLICIT_RETAIN_SELF = YES;
				CLANG_WARN_OBJC_LITERAL_CONVERSION = YES;
				CLANG_WARN_OBJC_ROOT_CLASS = YES_ERROR;
				CLANG_WARN_QUOTED_INCLUDE_IN_FRAMEWORK_HEADER = YES;
				CLANG_WARN_RANGE_LOOP_ANALYSIS = YES;
				CLANG_WARN_STRICT_PROTOTYPES = YES;
				CLANG_WARN_SUSPICIOUS_MOVE = YES;
				CLANG_WARN_UNGUARDED_AVAILABILITY = YES_AGGRESSIVE;
				CLANG_WARN_UNREACHABLE_CODE = YES;
				CLANG_WARN__DUPLICATE_METHOD_MATCH = YES;
				COPY_PHASE_STRIP = NO;
				DEBUG_INFORMATION_FORMAT = "dwarf-with-dsym";
				ENABLE_NS_ASSERTIONS = NO;
				ENABLE_STRICT_OBJC_MSGSEND = YES;
				GCC_C_LANGUAGE_STANDARD = gnu11;
				GCC_NO_COMMON_BLOCKS = YES;
				GCC_WARN_64_TO_32_BIT_CONVERSION = YES;
				GCC_WARN_ABOUT_RETURN_TYPE = YES_ERROR;
				GCC_WARN_UNDECLARED_SELECTOR = YES;
				GCC_WARN_UNINITIALIZED_AUTOS = YES_AGGRESSIVE;
				GCC_WARN_UNUSED_FUNCTION = YES;
				GCC_WARN_UNUSED_VARIABLE = YES;
				IPHONEOS_DEPLOYMENT_TARGET = 15.2;
				MTL_ENABLE_DEBUG_INFO = NO;
				MTL_FAST_MATH = YES;
				SDKROOT = iphoneos;
				SWIFT_COMPILATION_MODE = wholemodule;
				SWIFT_OPTIMIZATION_LEVEL = "-O";
				VALIDATE_PRODUCT = YES;
			};
			name = Release;
		};
		FA7599F627DFC58D00FAE013 /* Debug */ = {
			isa = XCBuildConfiguration;
			buildSettings = {
				ASSETCATALOG_COMPILER_APPICON_NAME = AppIcon;
				ASSETCATALOG_COMPILER_GLOBAL_ACCENT_COLOR_NAME = AccentColor;
				CODE_SIGN_STYLE = Automatic;
				CURRENT_PROJECT_VERSION = 1;
				DEVELOPMENT_ASSET_PATHS = "\"otus2.paging.testapp/Preview Content\"";
				DEVELOPMENT_TEAM = ZK943LB6V2;
				ENABLE_PREVIEWS = YES;
				GENERATE_INFOPLIST_FILE = YES;
				INFOPLIST_KEY_UIApplicationSceneManifest_Generation = YES;
				INFOPLIST_KEY_UIApplicationSupportsIndirectInputEvents = YES;
				INFOPLIST_KEY_UILaunchScreen_Generation = YES;
				INFOPLIST_KEY_UISupportedInterfaceOrientations_iPad = "UIInterfaceOrientationPortrait UIInterfaceOrientationPortraitUpsideDown UIInterfaceOrientationLandscapeLeft UIInterfaceOrientationLandscapeRight";
				INFOPLIST_KEY_UISupportedInterfaceOrientations_iPhone = "UIInterfaceOrientationPortrait UIInterfaceOrientationLandscapeLeft UIInterfaceOrientationLandscapeRight";
				LD_RUNPATH_SEARCH_PATHS = (
					"$(inherited)",
					"@executable_path/Frameworks",
				);
				MARKETING_VERSION = 1.0;
				PRODUCT_BUNDLE_IDENTIFIER = "vivshin.otus2-paging-testapp";
				PRODUCT_NAME = "$(TARGET_NAME)";
				SWIFT_EMIT_LOC_STRINGS = YES;
				SWIFT_VERSION = 5.0;
				TARGETED_DEVICE_FAMILY = "1,2";
			};
			name = Debug;
		};
		FA7599F727DFC58D00FAE013 /* Release */ = {
			isa = XCBuildConfiguration;
			buildSettings = {
				ASSETCATALOG_COMPILER_APPICON_NAME = AppIcon;
				ASSETCATALOG_COMPILER_GLOBAL_ACCENT_COLOR_NAME = AccentColor;
				CODE_SIGN_STYLE = Automatic;
				CURRENT_PROJECT_VERSION = 1;
				DEVELOPMENT_ASSET_PATHS = "\"otus2.paging.testapp/Preview Content\"";
				DEVELOPMENT_TEAM = ZK943LB6V2;
				ENABLE_PREVIEWS = YES;
				GENERATE_INFOPLIST_FILE = YES;
				INFOPLIST_KEY_UIApplicationSceneManifest_Generation = YES;
				INFOPLIST_KEY_UIApplicationSupportsIndirectInputEvents = YES;
				INFOPLIST_KEY_UILaunchScreen_Generation = YES;
				INFOPLIST_KEY_UISupportedInterfaceOrientations_iPad = "UIInterfaceOrientationPortrait UIInterfaceOrientationPortraitUpsideDown UIInterfaceOrientationLandscapeLeft UIInterfaceOrientationLandscapeRight";
				INFOPLIST_KEY_UISupportedInterfaceOrientations_iPhone = "UIInterfaceOrientationPortrait UIInterfaceOrientationLandscapeLeft UIInterfaceOrientationLandscapeRight";
				LD_RUNPATH_SEARCH_PATHS = (
					"$(inherited)",
					"@executable_path/Frameworks",
				);
				MARKETING_VERSION = 1.0;
				PRODUCT_BUNDLE_IDENTIFIER = "vivshin.otus2-paging-testapp";
				PRODUCT_NAME = "$(TARGET_NAME)";
				SWIFT_EMIT_LOC_STRINGS = YES;
				SWIFT_VERSION = 5.0;
				TARGETED_DEVICE_FAMILY = "1,2";
			};
			name = Release;
		};
/* End XCBuildConfiguration section */

/* Begin XCConfigurationList section */
		FA7599E227DFC58C00FAE013 /* Build configuration list for PBXProject "otus2.paging.testapp" */ = {
			isa = XCConfigurationList;
			buildConfigurations = (
				FA7599F327DFC58D00FAE013 /* Debug */,
				FA7599F427DFC58D00FAE013 /* Release */,
			);
			defaultConfigurationIsVisible = 0;
			defaultConfigurationName = Release;
		};
		FA7599F527DFC58D00FAE013 /* Build configuration list for PBXNativeTarget "otus2.paging.testapp" */ = {
			isa = XCConfigurationList;
			buildConfigurations = (
				FA7599F627DFC58D00FAE013 /* Debug */,
				FA7599F727DFC58D00FAE013 /* Release */,
			);
			defaultConfigurationIsVisible = 0;
			defaultConfigurationName = Release;
		};
/* End XCConfigurationList section */
	};
	rootObject = FA7599DF27DFC58C00FAE013 /* Project object */;
}
